
Microsoft Visual Studio Solution File, Format Version 12.00
# Visual Studio Version 17
VisualStudioVersion = 17.4.33205.214
MinimumVisualStudioVersion = 10.0.40219.1
Project("{FAE04EC0-301F-11D3-BF4B-00C04F79EFBC}") = "WindowsFormsAppWithFirebird", "WindowsFormsAppWithFirebird\WindowsFormsAppWithFirebird.csproj", "{F41F7662-5E38-40E4-8324-9272534C715B}"
EndProject
Project("{FAE04EC0-301F-11D3-BF4B-00C04F79EFBC}") = "WindowsFormsAppWithFirebird.Infra", "WindowsFormsAppWithFirebird.Infra\WindowsFormsAppWithFirebird.Infra.csproj", "{9771DC9E-CBC3-4791-8289-64AE44E238A2}"
EndProject
Project("{FAE04EC0-301F-11D3-BF4B-00C04F79EFBC}") = "WindowsFormsAppWithFirebird.Domain", "WindowsFormsAppWithFirebird.Domain\WindowsFormsAppWithFirebird.Domain.csproj", "{3AA54389-C172-45EC-8EC1-DCB4307E9DF8}"
EndProject
Project("{FAE04EC0-301F-11D3-BF4B-00C04F79EFBC}") = "WindowsFormsAppWithFirebird.ApiViaCEP", "WindowsFormsAppWithFirebird.ViaCEP\WindowsFormsAppWithFirebird.ApiViaCEP.csproj", "{16A50FBA-B522-45E2-8EF6-2D4F3BB2D6CE}"
EndProject
Global
	GlobalSection(SolutionConfigurationPlatforms) = preSolution
		Debug|Any CPU = Debug|Any CPU
		Release|Any CPU = Release|Any CPU
	EndGlobalSection
	GlobalSection(ProjectConfigurationPlatforms) = postSolution
		{F41F7662-5E38-40E4-8324-9272534C715B}.Debug|Any CPU.ActiveCfg = Debug|Any CPU
		{F41F7662-5E38-40E4-8324-9272534C715B}.Debug|Any CPU.Build.0 = Debug|Any CPU
		{F41F7662-5E38-40E4-8324-9272534C715B}.Release|Any CPU.ActiveCfg = Release|Any CPU
		{F41F7662-5E38-40E4-8324-9272534C715B}.Release|Any CPU.Build.0 = Release|Any CPU
		{9771DC9E-CBC3-4791-8289-64AE44E238A2}.Debug|Any CPU.ActiveCfg = Debug|Any CPU
		{9771DC9E-CBC3-4791-8289-64AE44E238A2}.Debug|Any CPU.Build.0 = Debug|Any CPU
		{9771DC9E-CBC3-4791-8289-64AE44E238A2}.Release|Any CPU.ActiveCfg = Release|Any CPU
		{9771DC9E-CBC3-4791-8289-64AE44E238A2}.Release|Any CPU.Build.0 = Release|Any CPU
		{3AA54389-C172-45EC-8EC1-DCB4307E9DF8}.Debug|Any CPU.ActiveCfg = Debug|Any CPU
		{3AA54389-C172-45EC-8EC1-DCB4307E9DF8}.Debug|Any CPU.Build.0 = Debug|Any CPU
		{3AA54389-C172-45EC-8EC1-DCB4307E9DF8}.Release|Any CPU.ActiveCfg = Release|Any CPU
		{3AA54389-C172-45EC-8EC1-DCB4307E9DF8}.Release|Any CPU.Build.0 = Release|Any CPU
		{16A50FBA-B522-45E2-8EF6-2D4F3BB2D6CE}.Debug|Any CPU.ActiveCfg = Debug|Any CPU
		{16A50FBA-B522-45E2-8EF6-2D4F3BB2D6CE}.Debug|Any CPU.Build.0 = Debug|Any CPU
		{16A50FBA-B522-45E2-8EF6-2D4F3BB2D6CE}.Release|Any CPU.ActiveCfg = Release|Any CPU
		{16A50FBA-B522-45E2-8EF6-2D4F3BB2D6CE}.Release|Any CPU.Build.0 = Release|Any CPU
	EndGlobalSection
	GlobalSection(SolutionProperties) = preSolution
		HideSolutionNode = FALSE
	EndGlobalSection
	GlobalSection(ExtensibilityGlobals) = postSolution
		SolutionGuid = {2768A369-4C73-42CC-AD36-2C8CECA49C9C}
	EndGlobalSection
EndGlobal
